// !$*UTF8*$!
{
	archiveVersion = 1;
	classes = {
	};
	objectVersion = 55;
	objects = {

/* Begin PBXBuildFile section */
		6821ED6C284FC58300D3256E /* Assets.xcassets in Resources */ = {isa = PBXBuildFile; fileRef = 6821ED62284FC58300D3256E /* Assets.xcassets */; };
		6821ED6D284FC58300D3256E /* Preview Assets.xcassets in Resources */ = {isa = PBXBuildFile; fileRef = 6821ED64284FC58300D3256E /* Preview Assets.xcassets */; };
		6821ED6E284FC58300D3256E /* WorkHotelApp.swift in Sources */ = {isa = PBXBuildFile; fileRef = 6821ED65284FC58300D3256E /* WorkHotelApp.swift */; };
		6821ED6F284FC58300D3256E /* ContentView.swift in Sources */ = {isa = PBXBuildFile; fileRef = 6821ED66284FC58300D3256E /* ContentView.swift */; };
		6821ED7A284FC6E600D3256E /* WorkHotelTests.swift in Sources */ = {isa = PBXBuildFile; fileRef = 6821ED79284FC6E600D3256E /* WorkHotelTests.swift */; };
		68F2F2232858C7F60020533D /* WorkHotelMap in Frameworks */ = {isa = PBXBuildFile; productRef = 68F2F2222858C7F60020533D /* WorkHotelMap */; };
/* End PBXBuildFile section */

/* Begin PBXContainerItemProxy section */
		6821ED7B284FC6E600D3256E /* PBXContainerItemProxy */ = {
			isa = PBXContainerItemProxy;
			containerPortal = 6821ED07284FC04100D3256E /* Project object */;
			proxyType = 1;
			remoteGlobalIDString = 6821ED0E284FC04100D3256E;
			remoteInfo = WorkHotel;
		};
/* End PBXContainerItemProxy section */

/* Begin PBXFileReference section */
		6821ED0F284FC04100D3256E /* WorkHotel.app */ = {isa = PBXFileReference; explicitFileType = wrapper.application; includeInIndex = 0; path = WorkHotel.app; sourceTree = BUILT_PRODUCTS_DIR; };
		6821ED62284FC58300D3256E /* Assets.xcassets */ = {isa = PBXFileReference; lastKnownFileType = folder.assetcatalog; path = Assets.xcassets; sourceTree = "<group>"; };
		6821ED64284FC58300D3256E /* Preview Assets.xcassets */ = {isa = PBXFileReference; lastKnownFileType = folder.assetcatalog; path = "Preview Assets.xcassets"; sourceTree = "<group>"; };
		6821ED65284FC58300D3256E /* WorkHotelApp.swift */ = {isa = PBXFileReference; fileEncoding = 4; lastKnownFileType = sourcecode.swift; path = WorkHotelApp.swift; sourceTree = "<group>"; };
		6821ED66284FC58300D3256E /* ContentView.swift */ = {isa = PBXFileReference; fileEncoding = 4; lastKnownFileType = sourcecode.swift; path = ContentView.swift; sourceTree = "<group>"; };
		6821ED77284FC6E600D3256E /* WorkHotelTests.xctest */ = {isa = PBXFileReference; explicitFileType = wrapper.cfbundle; includeInIndex = 0; path = WorkHotelTests.xctest; sourceTree = BUILT_PRODUCTS_DIR; };
		6821ED79284FC6E600D3256E /* WorkHotelTests.swift */ = {isa = PBXFileReference; lastKnownFileType = sourcecode.swift; path = WorkHotelTests.swift; sourceTree = "<group>"; };
		68F2F21E2858C7CA0020533D /* WorkHotelCore */ = {isa = PBXFileReference; lastKnownFileType = wrapper; path = WorkHotelCore; sourceTree = "<group>"; };
		68F2F21F2858C7D50020533D /* WorkHotelDetail */ = {isa = PBXFileReference; lastKnownFileType = wrapper; path = WorkHotelDetail; sourceTree = "<group>"; };
		68F2F2202858C7DF0020533D /* WorkHotelMap */ = {isa = PBXFileReference; lastKnownFileType = wrapper; path = WorkHotelMap; sourceTree = "<group>"; };
		68F2F2212858C7E90020533D /* WorkHotelSearchOption */ = {isa = PBXFileReference; lastKnownFileType = wrapper; path = WorkHotelSearchOption; sourceTree = "<group>"; };
/* End PBXFileReference section */

/* Begin PBXFrameworksBuildPhase section */
		6821ED0C284FC04100D3256E /* Frameworks */ = {
			isa = PBXFrameworksBuildPhase;
			buildActionMask = 2147483647;
			files = (
				68F2F2232858C7F60020533D /* WorkHotelMap in Frameworks */,
			);
			runOnlyForDeploymentPostprocessing = 0;
		};
		6821ED74284FC6E600D3256E /* Frameworks */ = {
			isa = PBXFrameworksBuildPhase;
			buildActionMask = 2147483647;
			files = (
			);
			runOnlyForDeploymentPostprocessing = 0;
		};
/* End PBXFrameworksBuildPhase section */

/* Begin PBXGroup section */
		6821ED06284FC04100D3256E = {
			isa = PBXGroup;
			children = (
				6821ED80284FC7C800D3256E /* Packages */,
				6821ED61284FC58300D3256E /* WorkHotel */,
				6821ED78284FC6E600D3256E /* WorkHotelTests */,
				6821ED10284FC04100D3256E /* Products */,
				6821ED84284FC83500D3256E /* Frameworks */,
			);
			sourceTree = "<group>";
		};
		6821ED10284FC04100D3256E /* Products */ = {
			isa = PBXGroup;
			children = (
				6821ED0F284FC04100D3256E /* WorkHotel.app */,
				6821ED77284FC6E600D3256E /* WorkHotelTests.xctest */,
			);
			name = Products;
			sourceTree = "<group>";
		};
		6821ED61284FC58300D3256E /* WorkHotel */ = {
			isa = PBXGroup;
			children = (
				6821ED62284FC58300D3256E /* Assets.xcassets */,
				6821ED63284FC58300D3256E /* Preview Content */,
				6821ED65284FC58300D3256E /* WorkHotelApp.swift */,
				6821ED66284FC58300D3256E /* ContentView.swift */,
			);
			path = WorkHotel;
			sourceTree = "<group>";
		};
		6821ED63284FC58300D3256E /* Preview Content */ = {
			isa = PBXGroup;
			children = (
				6821ED64284FC58300D3256E /* Preview Assets.xcassets */,
			);
			path = "Preview Content";
			sourceTree = "<group>";
		};
		6821ED78284FC6E600D3256E /* WorkHotelTests */ = {
			isa = PBXGroup;
			children = (
				6821ED79284FC6E600D3256E /* WorkHotelTests.swift */,
			);
			path = WorkHotelTests;
			sourceTree = "<group>";
		};
		6821ED80284FC7C800D3256E /* Packages */ = {
			isa = PBXGroup;
			children = (
				68F2F21E2858C7CA0020533D /* WorkHotelCore */,
				68F2F21F2858C7D50020533D /* WorkHotelDetail */,
				68F2F2202858C7DF0020533D /* WorkHotelMap */,
				68F2F2212858C7E90020533D /* WorkHotelSearchOption */,
			);
			name = Packages;
			sourceTree = "<group>";
		};
		6821ED84284FC83500D3256E /* Frameworks */ = {
			isa = PBXGroup;
			children = (
			);
			name = Frameworks;
			sourceTree = "<group>";
		};
/* End PBXGroup section */

/* Begin PBXNativeTarget section */
		6821ED0E284FC04100D3256E /* WorkHotel */ = {
			isa = PBXNativeTarget;
			buildConfigurationList = 6821ED33284FC04300D3256E /* Build configuration list for PBXNativeTarget "WorkHotel" */;
			buildPhases = (
				6821ED0B284FC04100D3256E /* Sources */,
				6821ED0C284FC04100D3256E /* Frameworks */,
				6821ED0D284FC04100D3256E /* Resources */,
			);
			buildRules = (
			);
			dependencies = (
			);
			name = WorkHotel;
			packageProductDependencies = (
				68F2F2222858C7F60020533D /* WorkHotelMap */,
			);
			productName = WorkHotel;
			productReference = 6821ED0F284FC04100D3256E /* WorkHotel.app */;
			productType = "com.apple.product-type.application";
		};
		6821ED76284FC6E600D3256E /* WorkHotelTests */ = {
			isa = PBXNativeTarget;
			buildConfigurationList = 6821ED7D284FC6E600D3256E /* Build configuration list for PBXNativeTarget "WorkHotelTests" */;
			buildPhases = (
				6821ED73284FC6E600D3256E /* Sources */,
				6821ED74284FC6E600D3256E /* Frameworks */,
				6821ED75284FC6E600D3256E /* Resources */,
			);
			buildRules = (
			);
			dependencies = (
				6821ED7C284FC6E600D3256E /* PBXTargetDependency */,
			);
			name = WorkHotelTests;
			productName = WorkHotelTests;
			productReference = 6821ED77284FC6E600D3256E /* WorkHotelTests.xctest */;
			productType = "com.apple.product-type.bundle.unit-test";
		};
/* End PBXNativeTarget section */

/* Begin PBXProject section */
		6821ED07284FC04100D3256E /* Project object */ = {
			isa = PBXProject;
			attributes = {
				BuildIndependentTargetsInParallel = 1;
				LastSwiftUpdateCheck = 1340;
				LastUpgradeCheck = 1340;
				TargetAttributes = {
					6821ED0E284FC04100D3256E = {
						CreatedOnToolsVersion = 13.4;
					};
					6821ED76284FC6E600D3256E = {
						CreatedOnToolsVersion = 13.4;
						TestTargetID = 6821ED0E284FC04100D3256E;
					};
				};
			};
			buildConfigurationList = 6821ED0A284FC04100D3256E /* Build configuration list for PBXProject "WorkHotel" */;
			compatibilityVersion = "Xcode 13.0";
			developmentRegion = en;
			hasScannedForEncodings = 0;
			knownRegions = (
				en,
				Base,
			);
			mainGroup = 6821ED06284FC04100D3256E;
			productRefGroup = 6821ED10284FC04100D3256E /* Products */;
			projectDirPath = "";
			projectRoot = "";
			targets = (
				6821ED0E284FC04100D3256E /* WorkHotel */,
				6821ED76284FC6E600D3256E /* WorkHotelTests */,
			);
		};
/* End PBXProject section */

/* Begin PBXResourcesBuildPhase section */
		6821ED0D284FC04100D3256E /* Resources */ = {
			isa = PBXResourcesBuildPhase;
			buildActionMask = 2147483647;
			files = (
				6821ED6D284FC58300D3256E /* Preview Assets.xcassets in Resources */,
				6821ED6C284FC58300D3256E /* Assets.xcassets in Resources */,
			);
			runOnlyForDeploymentPostprocessing = 0;
		};
		6821ED75284FC6E600D3256E /* Resources */ = {
			isa = PBXResourcesBuildPhase;
			buildActionMask = 2147483647;
			files = (
			);
			runOnlyForDeploymentPostprocessing = 0;
		};
/* End PBXResourcesBuildPhase section */

/* Begin PBXSourcesBuildPhase section */
		6821ED0B284FC04100D3256E /* Sources */ = {
			isa = PBXSourcesBuildPhase;
			buildActionMask = 2147483647;
			files = (
				6821ED6F284FC58300D3256E /* ContentView.swift in Sources */,
				6821ED6E284FC58300D3256E /* WorkHotelApp.swift in Sources */,
			);
			runOnlyForDeploymentPostprocessing = 0;
		};
		6821ED73284FC6E600D3256E /* Sources */ = {
			isa = PBXSourcesBuildPhase;
			buildActionMask = 2147483647;
			files = (
				6821ED7A284FC6E600D3256E /* WorkHotelTests.swift in Sources */,
			);
			runOnlyForDeploymentPostprocessing = 0;
		};
/* End PBXSourcesBuildPhase section */

/* Begin PBXTargetDependency section */
		6821ED7C284FC6E600D3256E /* PBXTargetDependency */ = {
			isa = PBXTargetDependency;
			target = 6821ED0E284FC04100D3256E /* WorkHotel */;
			targetProxy = 6821ED7B284FC6E600D3256E /* PBXContainerItemProxy */;
		};
/* End PBXTargetDependency section */

/* Begin XCBuildConfiguration section */
		6821ED31284FC04300D3256E /* Debug */ = {
			isa = XCBuildConfiguration;
			buildSettings = {
				ALWAYS_SEARCH_USER_PATHS = NO;
				CLANG_ANALYZER_NONNULL = YES;
				CLANG_ANALYZER_NUMBER_OBJECT_CONVERSION = YES_AGGRESSIVE;
				CLANG_CXX_LANGUAGE_STANDARD = "gnu++17";
				CLANG_ENABLE_MODULES = YES;
				CLANG_ENABLE_OBJC_ARC = YES;
				CLANG_ENABLE_OBJC_WEAK = YES;
				CLANG_WARN_BLOCK_CAPTURE_AUTORELEASING = YES;
				CLANG_WARN_BOOL_CONVERSION = YES;
				CLANG_WARN_COMMA = YES;
				CLANG_WARN_CONSTANT_CONVERSION = YES;
				CLANG_WARN_DEPRECATED_OBJC_IMPLEMENTATIONS = YES;
				CLANG_WARN_DIRECT_OBJC_ISA_USAGE = YES_ERROR;
				CLANG_WARN_DOCUMENTATION_COMMENTS = YES;
				CLANG_WARN_EMPTY_BODY = YES;
				CLANG_WARN_ENUM_CONVERSION = YES;
				CLANG_WARN_INFINITE_RECURSION = YES;
				CLANG_WARN_INT_CONVERSION = YES;
				CLANG_WARN_NON_LITERAL_NULL_CONVERSION = YES;
				CLANG_WARN_OBJC_IMPLICIT_RETAIN_SELF = YES;
				CLANG_WARN_OBJC_LITERAL_CONVERSION = YES;
				CLANG_WARN_OBJC_ROOT_CLASS = YES_ERROR;
				CLANG_WARN_QUOTED_INCLUDE_IN_FRAMEWORK_HEADER = YES;
				CLANG_WARN_RANGE_LOOP_ANALYSIS = YES;
				CLANG_WARN_STRICT_PROTOTYPES = YES;
				CLANG_WARN_SUSPICIOUS_MOVE = YES;
				CLANG_WARN_UNGUARDED_AVAILABILITY = YES_AGGRESSIVE;
				CLANG_WARN_UNREACHABLE_CODE = YES;
				CLANG_WARN__DUPLICATE_METHOD_MATCH = YES;
				COPY_PHASE_STRIP = NO;
				DEBUG_INFORMATION_FORMAT = dwarf;
				ENABLE_STRICT_OBJC_MSGSEND = YES;
				ENABLE_TESTABILITY = YES;
				GCC_C_LANGUAGE_STANDARD = gnu11;
				GCC_DYNAMIC_NO_PIC = NO;
				GCC_NO_COMMON_BLOCKS = YES;
				GCC_OPTIMIZATION_LEVEL = 0;
				GCC_PREPROCESSOR_DEFINITIONS = (
					"DEBUG=1",
					"$(inherited)",
				);
				GCC_WARN_64_TO_32_BIT_CONVERSION = YES;
				GCC_WARN_ABOUT_RETURN_TYPE = YES_ERROR;
				GCC_WARN_UNDECLARED_SELECTOR = YES;
				GCC_WARN_UNINITIALIZED_AUTOS = YES_AGGRESSIVE;
				GCC_WARN_UNUSED_FUNCTION = YES;
				GCC_WARN_UNUSED_VARIABLE = YES;
				IPHONEOS_DEPLOYMENT_TARGET = 15.0;
				MTL_ENABLE_DEBUG_INFO = INCLUDE_SOURCE;
				MTL_FAST_MATH = YES;
				ONLY_ACTIVE_ARCH = YES;
				SDKROOT = iphoneos;
				SWIFT_ACTIVE_COMPILATION_CONDITIONS = DEBUG;
				SWIFT_OPTIMIZATION_LEVEL = "-Onone";
			};
			name = Debug;
		};
		6821ED32284FC04300D3256E /* Release */ = {
			isa = XCBuildConfiguration;
			buildSettings = {
				ALWAYS_SEARCH_USER_PATHS = NO;
				CLANG_ANALYZER_NONNULL = YES;
				CLANG_ANALYZER_NUMBER_OBJECT_CONVERSION = YES_AGGRESSIVE;
				CLANG_CXX_LANGUAGE_STANDARD = "gnu++17";
				CLANG_ENABLE_MODULES = YES;
				CLANG_ENABLE_OBJC_ARC = YES;
				CLANG_ENABLE_OBJC_WEAK = YES;
				CLANG_WARN_BLOCK_CAPTURE_AUTORELEASING = YES;
				CLANG_WARN_BOOL_CONVERSION = YES;
				CLANG_WARN_COMMA = YES;
				CLANG_WARN_CONSTANT_CONVERSION = YES;
				CLANG_WARN_DEPRECATED_OBJC_IMPLEMENTATIONS = YES;
				CLANG_WARN_DIRECT_OBJC_ISA_USAGE = YES_ERROR;
				CLANG_WARN_DOCUMENTATION_COMMENTS = YES;
				CLANG_WARN_EMPTY_BODY = YES;
				CLANG_WARN_ENUM_CONVERSION = YES;
				CLANG_WARN_INFINITE_RECURSION = YES;
				CLANG_WARN_INT_CONVERSION = YES;
				CLANG_WARN_NON_LITERAL_NULL_CONVERSION = YES;
				CLANG_WARN_OBJC_IMPLICIT_RETAIN_SELF = YES;
				CLANG_WARN_OBJC_LITERAL_CONVERSION = YES;
				CLANG_WARN_OBJC_ROOT_CLASS = YES_ERROR;
				CLANG_WARN_QUOTED_INCLUDE_IN_FRAMEWORK_HEADER = YES;
				CLANG_WARN_RANGE_LOOP_ANALYSIS = YES;
				CLANG_WARN_STRICT_PROTOTYPES = YES;
				CLANG_WARN_SUSPICIOUS_MOVE = YES;
				CLANG_WARN_UNGUARDED_AVAILABILITY = YES_AGGRESSIVE;
				CLANG_WARN_UNREACHABLE_CODE = YES;
				CLANG_WARN__DUPLICATE_METHOD_MATCH = YES;
				COPY_PHASE_STRIP = NO;
				DEBUG_INFORMATION_FORMAT = "dwarf-with-dsym";
				ENABLE_NS_ASSERTIONS = NO;
				ENABLE_STRICT_OBJC_MSGSEND = YES;
				GCC_C_LANGUAGE_STANDARD = gnu11;
				GCC_NO_COMMON_BLOCKS = YES;
				GCC_WARN_64_TO_32_BIT_CONVERSION = YES;
				GCC_WARN_ABOUT_RETURN_TYPE = YES_ERROR;
				GCC_WARN_UNDECLARED_SELECTOR = YES;
				GCC_WARN_UNINITIALIZED_AUTOS = YES_AGGRESSIVE;
				GCC_WARN_UNUSED_FUNCTION = YES;
				GCC_WARN_UNUSED_VARIABLE = YES;
				IPHONEOS_DEPLOYMENT_TARGET = 15.0;
				MTL_ENABLE_DEBUG_INFO = NO;
				MTL_FAST_MATH = YES;
				SDKROOT = iphoneos;
				SWIFT_COMPILATION_MODE = wholemodule;
				SWIFT_OPTIMIZATION_LEVEL = "-O";
				VALIDATE_PRODUCT = YES;
			};
			name = Release;
		};
		6821ED34284FC04300D3256E /* Debug */ = {
			isa = XCBuildConfiguration;
			buildSettings = {
				ASSETCATALOG_COMPILER_APPICON_NAME = AppIcon;
				ASSETCATALOG_COMPILER_GLOBAL_ACCENT_COLOR_NAME = AccentColor;
				CODE_SIGN_STYLE = Automatic;
				CURRENT_PROJECT_VERSION = 1;
				DEVELOPMENT_ASSET_PATHS = "\"WorkHotel/Preview Content\"";
				DEVELOPMENT_TEAM = 669226BDWM;
				ENABLE_PREVIEWS = YES;
				GENERATE_INFOPLIST_FILE = YES;
				INFOPLIST_KEY_NSLocationWhenInUseUsageDescription = "";
				INFOPLIST_KEY_UIApplicationSceneManifest_Generation = YES;
				INFOPLIST_KEY_UIApplicationSupportsIndirectInputEvents = YES;
				INFOPLIST_KEY_UILaunchScreen_Generation = YES;
				INFOPLIST_KEY_UISupportedInterfaceOrientations = UIInterfaceOrientationPortrait;
				INFOPLIST_KEY_UISupportedInterfaceOrientations_iPad = "UIInterfaceOrientationPortrait UIInterfaceOrientationPortraitUpsideDown UIInterfaceOrientationLandscapeLeft UIInterfaceOrientationLandscapeRight";
				INFOPLIST_KEY_UISupportedInterfaceOrientations_iPhone = UIInterfaceOrientationPortrait;
				LD_RUNPATH_SEARCH_PATHS = (
					"$(inherited)",
					"@executable_path/Frameworks",
				);
				MARKETING_VERSION = 1.0;
				PRODUCT_BUNDLE_IDENTIFIER = yugo.sugiyama.WorkHotel;
				PRODUCT_NAME = "$(TARGET_NAME)";
				SWIFT_EMIT_LOC_STRINGS = YES;
				SWIFT_VERSION = 5.0;
				TARGETED_DEVICE_FAMILY = 1;
			};
			name = Debug;
		};
		6821ED35284FC04300D3256E /* Release */ = {
			isa = XCBuildConfiguration;
			buildSettings = {
				ASSETCATALOG_COMPILER_APPICON_NAME = AppIcon;
				ASSETCATALOG_COMPILER_GLOBAL_ACCENT_COLOR_NAME = AccentColor;
				CODE_SIGN_STYLE = Automatic;
				CURRENT_PROJECT_VERSION = 1;
				DEVELOPMENT_ASSET_PATHS = "\"WorkHotel/Preview Content\"";
				DEVELOPMENT_TEAM = 669226BDWM;
				ENABLE_PREVIEWS = YES;
				GENERATE_INFOPLIST_FILE = YES;
				INFOPLIST_KEY_NSLocationWhenInUseUsageDescription = "";
				INFOPLIST_KEY_UIApplicationSceneManifest_Generation = YES;
				INFOPLIST_KEY_UIApplicationSupportsIndirectInputEvents = YES;
				INFOPLIST_KEY_UILaunchScreen_Generation = YES;
				INFOPLIST_KEY_UISupportedInterfaceOrientations = UIInterfaceOrientationPortrait;
				INFOPLIST_KEY_UISupportedInterfaceOrientations_iPad = "UIInterfaceOrientationPortrait UIInterfaceOrientationPortraitUpsideDown UIInterfaceOrientationLandscapeLeft UIInterfaceOrientationLandscapeRight";
				INFOPLIST_KEY_UISupportedInterfaceOrientations_iPhone = UIInterfaceOrientationPortrait;
				LD_RUNPATH_SEARCH_PATHS = (
					"$(inherited)",
					"@executable_path/Frameworks",
				);
				MARKETING_VERSION = 1.0;
				PRODUCT_BUNDLE_IDENTIFIER = yugo.sugiyama.WorkHotel;
				PRODUCT_NAME = "$(TARGET_NAME)";
				SWIFT_EMIT_LOC_STRINGS = YES;
				SWIFT_VERSION = 5.0;
				TARGETED_DEVICE_FAMILY = 1;
			};
			name = Release;
		};
		6821ED7E284FC6E600D3256E /* Debug */ = {
			isa = XCBuildConfiguration;
			buildSettings = {
				BUNDLE_LOADER = "$(TEST_HOST)";
				CODE_SIGN_STYLE = Automatic;
				CURRENT_PROJECT_VERSION = 1;
				DEVELOPMENT_TEAM = 669226BDWM;
				GENERATE_INFOPLIST_FILE = YES;
				MARKETING_VERSION = 1.0;
				PRODUCT_BUNDLE_IDENTIFIER = yugo.sugiyama.WorkHotelTests;
				PRODUCT_NAME = "$(TARGET_NAME)";
				SWIFT_EMIT_LOC_STRINGS = NO;
				SWIFT_VERSION = 5.0;
				TARGETED_DEVICE_FAMILY = "1,2";
				TEST_HOST = "$(BUILT_PRODUCTS_DIR)/WorkHotel.app/WorkHotel";
			};
			name = Debug;
		};
		6821ED7F284FC6E600D3256E /* Release */ = {
			isa = XCBuildConfiguration;
			buildSettings = {
				BUNDLE_LOADER = "$(TEST_HOST)";
				CODE_SIGN_STYLE = Automatic;
				CURRENT_PROJECT_VERSION = 1;
				DEVELOPMENT_TEAM = 669226BDWM;
				GENERATE_INFOPLIST_FILE = YES;
				MARKETING_VERSION = 1.0;
				PRODUCT_BUNDLE_IDENTIFIER = yugo.sugiyama.WorkHotelTests;
				PRODUCT_NAME = "$(TARGET_NAME)";
				SWIFT_EMIT_LOC_STRINGS = NO;
				SWIFT_VERSION = 5.0;
				TARGETED_DEVICE_FAMILY = "1,2";
				TEST_HOST = "$(BUILT_PRODUCTS_DIR)/WorkHotel.app/WorkHotel";
			};
			name = Release;
		};
/* End XCBuildConfiguration section */

/* Begin XCConfigurationList section */
		6821ED0A284FC04100D3256E /* Build configuration list for PBXProject "WorkHotel" */ = {
			isa = XCConfigurationList;
			buildConfigurations = (
				6821ED31284FC04300D3256E /* Debug */,
				6821ED32284FC04300D3256E /* Release */,
			);
			defaultConfigurationIsVisible = 0;
			defaultConfigurationName = Release;
		};
		6821ED33284FC04300D3256E /* Build configuration list for PBXNativeTarget "WorkHotel" */ = {
			isa = XCConfigurationList;
			buildConfigurations = (
				6821ED34284FC04300D3256E /* Debug */,
				6821ED35284FC04300D3256E /* Release */,
			);
			defaultConfigurationIsVisible = 0;
			defaultConfigurationName = Release;
		};
		6821ED7D284FC6E600D3256E /* Build configuration list for PBXNativeTarget "WorkHotelTests" */ = {
			isa = XCConfigurationList;
			buildConfigurations = (
				6821ED7E284FC6E600D3256E /* Debug */,
				6821ED7F284FC6E600D3256E /* Release */,
			);
			defaultConfigurationIsVisible = 0;
			defaultConfigurationName = Release;
		};
/* End XCConfigurationList section */

/* Begin XCSwiftPackageProductDependency section */
		68F2F2222858C7F60020533D /* WorkHotelMap */ = {
			isa = XCSwiftPackageProductDependency;
			productName = WorkHotelMap;
		};
/* End XCSwiftPackageProductDependency section */
	};
	rootObject = 6821ED07284FC04100D3256E /* Project object */;
}
